
Microsoft Visual Studio Solution File, Format Version 12.00
# Visual Studio Version 16
VisualStudioVersion = 16.0.31205.134
MinimumVisualStudioVersion = 10.0.40219.1
Project("{FAE04EC0-301F-11D3-BF4B-00C04F79EFBC}") = "Blazor_Tarefas", "Blazor_Tarefas\Blazor_Tarefas.csproj", "{2EECC2BA-C700-4E98-838B-68D25EA7C4EA}"
EndProject
Global
	GlobalSection(SolutionConfigurationPlatforms) = preSolution
		Debug|Any CPU = Debug|Any CPU
		Release|Any CPU = Release|Any CPU
	EndGlobalSection
	GlobalSection(ProjectConfigurationPlatforms) = postSolution
		{2EECC2BA-C700-4E98-838B-68D25EA7C4EA}.Debug|Any CPU.ActiveCfg = Debug|Any CPU
		{2EECC2BA-C700-4E98-838B-68D25EA7C4EA}.Debug|Any CPU.Build.0 = Debug|Any CPU
		{2EECC2BA-C700-4E98-838B-68D25EA7C4EA}.Release|Any CPU.ActiveCfg = Release|Any CPU
		{2EECC2BA-C700-4E98-838B-68D25EA7C4EA}.Release|Any CPU.Build.0 = Release|Any CPU
	EndGlobalSection
	GlobalSection(SolutionProperties) = preSolution
		HideSolutionNode = FALSE
	EndGlobalSection
	GlobalSection(ExtensibilityGlobals) = postSolution
		SolutionGuid = {B7722BD7-A208-4EC9-8380-4836DC466289}
	EndGlobalSection
EndGlobal
